# Fully pinned with hashes (generated via uv export)
fastapi==0.118.0 --hash=sha256:5e81654d98c4d2f53790a7d32d25a7353b30c81441be7d0958a26b5d761fa1c8 --hash=sha256:705137a61e2ef71019d2445b123aa8845bd97273c395b744d5a7dfe559056855
hf-xet==1.1.10 --hash=sha256:0a0005fd08f002180f7a12d4e13b22be277725bc23ed0529f8add5c7a6309c06 --hash=sha256:408aef343800a2102374a883f283ff29068055c111f003ff840733d3b715bb97
openai==2.1.0 --hash=sha256:33172e8c06a4576144ba4137a493807a9ca427421dcabc54ad3aa656daf757d3 --hash=sha256:47f3463a5047340a989b4c0cd5378054acfca966ff61a96553b22f098e3270a2
python-dotenv==1.1.1 --hash=sha256:31f23644fe2602f88ff55e1f5c79ba497e01224ee7737937930c448e4d0e24dc --hash=sha256:a8a6399716257f45be6a007360200409fce5cda2661e3dec71d23dc15f6189ab
python-multipart==0.0.20 --hash=sha256:8a62d3a8335e06589fe01f2a3e178cdcc632f3fbe0d492ad9ee0ec35aab1f104 --hash=sha256:8dd0cab45b8e23064ae09147625994d090fa46f5b0d1e13af944c331a7fa9d13
soundfile==0.13.1 --hash=sha256:03267c4e493315294834a0870f31dbb3b28a95561b80b134f0bd3cf2d5f0e618 --hash=sha256:1e70a05a0626524a69e9f0f4dd2ec174b4e9567f4d8b6c11d38b5c289be36ee9 --hash=sha256:743f12c12c4054921e15736c6be09ac26b3b3d603aef6fd69f9dde68748f2593 --hash=sha256:82dc664d19831933fe59adad199bf3945ad06d84bc111a5b4c0d3089a5b9ec33 --hash=sha256:9c9e855f5a4d06ce4213f31918653ab7de0c5a8d8107cd2427e44b42df547deb --hash=sha256:a23c717560da2cf4c7b5ae1142514e0fd82d6bbd9dfc93a50423447142f2c445 --hash=sha256:b2c68dab1e30297317080a5b43df57e302584c49e2942defdde0acccc53f0e5b --hash=sha256:c734564fab7c5ddf8e9be5bf70bab68042cd17e9c214c06e365e20d64f9a69d5
torch==2.8.0 --hash=sha256:1a62a1ec4b0498930e2543535cf70b1bef8c777713de7ceb84cd79115f553767 --hash=sha256:2b2f96814e0345f5a5aed9bf9734efa913678ed19caf6dc2cddb7930672d6128 --hash=sha256:65616ca8ec6f43245e1f5f296603e33923f4c30f93d65e103d9e50c25b35150b --hash=sha256:659df54119ae03e83a800addc125856effda88b016dfc54d9f65215c3975be16 --hash=sha256:7b677e17f5a3e69fdef7eb3b9da72622f8d322692930297e4ccb52fefc6c8211 --hash=sha256:83c13411a26fac3d101fe8035a6b0476ae606deb8688e904e796a3534c197def --hash=sha256:8f0a9d617a66509ded240add3754e462430a6c1fc5589f86c17b433dd808f97a --hash=sha256:a7242b86f42be98ac674b88a4988643b9bc6145437ec8f048fea23f72feb5eca
transformers==4.56.2 --hash=sha256:5e7c623e2d7494105c726dd10f6f90c2c99a55ebe86eef7233765abd0cb1c529 --hash=sha256:79c03d0e85b26cb573c109ff9eafa96f3c8d4febfd8a0774e8bba32702dd6dde
uvicorn==0.37.0 --hash=sha256:4115c8add6d3fd536c8ee77f0e14a7fd2ebba939fed9b02583a97f80648f9e13 --hash=sha256:913b2b88672343739927ce381ff9e2ad62541f9f8289664fa1d1d3803fa2ce6c
